
Microsoft Visual Studio Solution File, Format Version 12.00
# Visual Studio 2013
VisualStudioVersion = 12.0.31101.0
MinimumVisualStudioVersion = 10.0.40219.1
Project("{FAE04EC0-301F-11D3-BF4B-00C04F79EFBC}") = "Sitecore.FullCal", "Sitecore.FullCal\Sitecore.FullCal.csproj", "{D9153739-30FA-4214-A1FB-3E2954C4370D}"
EndProject
Project("{FAE04EC0-301F-11D3-BF4B-00C04F79EFBC}") = "Sitecore.EventCalendar", "Sitecore.FullCalendar.Events\Sitecore.EventCalendar.csproj", "{52B6409E-7C46-4F13-8457-B4021E2A8CA2}"
EndProject
Global
	GlobalSection(SolutionConfigurationPlatforms) = preSolution
		Debug|Any CPU = Debug|Any CPU
		Release|Any CPU = Release|Any CPU
	EndGlobalSection
	GlobalSection(ProjectConfigurationPlatforms) = postSolution
		{D9153739-30FA-4214-A1FB-3E2954C4370D}.Debug|Any CPU.ActiveCfg = Debug|Any CPU
		{D9153739-30FA-4214-A1FB-3E2954C4370D}.Debug|Any CPU.Build.0 = Debug|Any CPU
		{D9153739-30FA-4214-A1FB-3E2954C4370D}.Release|Any CPU.ActiveCfg = Release|Any CPU
		{D9153739-30FA-4214-A1FB-3E2954C4370D}.Release|Any CPU.Build.0 = Release|Any CPU
		{52B6409E-7C46-4F13-8457-B4021E2A8CA2}.Debug|Any CPU.ActiveCfg = Debug|Any CPU
		{52B6409E-7C46-4F13-8457-B4021E2A8CA2}.Debug|Any CPU.Build.0 = Debug|Any CPU
		{52B6409E-7C46-4F13-8457-B4021E2A8CA2}.Release|Any CPU.ActiveCfg = Release|Any CPU
		{52B6409E-7C46-4F13-8457-B4021E2A8CA2}.Release|Any CPU.Build.0 = Release|Any CPU
	EndGlobalSection
	GlobalSection(SolutionProperties) = preSolution
		HideSolutionNode = FALSE
	EndGlobalSection
EndGlobal
